
Microsoft Visual Studio Solution File, Format Version 12.00
# Visual Studio Version 17
VisualStudioVersion = 17.0.31903.59
MinimumVisualStudioVersion = 10.0.40219.1
Project("{9A19103F-16F7-4668-BE54-9A1E7A4F7556}") = "BulkyBookWeb", "BulkyBookWeb\BulkyBookWeb.csproj", "{39DA8AB1-0717-4742-B4A5-58B8CB749BD4}"
EndProject
Project("{9A19103F-16F7-4668-BE54-9A1E7A4F7556}") = "BulkyBook.DataAccess", "BulkyBook.DataAccess\BulkyBook.DataAccess.csproj", "{EAFFA8C1-F1FA-4838-ABD4-7A76397BB8BD}"
EndProject
Project("{9A19103F-16F7-4668-BE54-9A1E7A4F7556}") = "BulkyBook.Entities", "BulkyBook.Entities\BulkyBook.Entities.csproj", "{61F1E5B5-C236-42C8-94A6-F65A5CA12866}"
EndProject
Project("{9A19103F-16F7-4668-BE54-9A1E7A4F7556}") = "BulkyBook.Utilities", "BulkyBook.Utilities\BulkyBook.Utilities.csproj", "{967F0A44-EC0C-4F26-ADB8-0FB28C565693}"
EndProject
Global
	GlobalSection(SolutionConfigurationPlatforms) = preSolution
		Debug|Any CPU = Debug|Any CPU
		Release|Any CPU = Release|Any CPU
	EndGlobalSection
	GlobalSection(ProjectConfigurationPlatforms) = postSolution
		{39DA8AB1-0717-4742-B4A5-58B8CB749BD4}.Debug|Any CPU.ActiveCfg = Debug|Any CPU
		{39DA8AB1-0717-4742-B4A5-58B8CB749BD4}.Debug|Any CPU.Build.0 = Debug|Any CPU
		{39DA8AB1-0717-4742-B4A5-58B8CB749BD4}.Release|Any CPU.ActiveCfg = Release|Any CPU
		{39DA8AB1-0717-4742-B4A5-58B8CB749BD4}.Release|Any CPU.Build.0 = Release|Any CPU
		{EAFFA8C1-F1FA-4838-ABD4-7A76397BB8BD}.Debug|Any CPU.ActiveCfg = Debug|Any CPU
		{EAFFA8C1-F1FA-4838-ABD4-7A76397BB8BD}.Debug|Any CPU.Build.0 = Debug|Any CPU
		{EAFFA8C1-F1FA-4838-ABD4-7A76397BB8BD}.Release|Any CPU.ActiveCfg = Release|Any CPU
		{EAFFA8C1-F1FA-4838-ABD4-7A76397BB8BD}.Release|Any CPU.Build.0 = Release|Any CPU
		{61F1E5B5-C236-42C8-94A6-F65A5CA12866}.Debug|Any CPU.ActiveCfg = Debug|Any CPU
		{61F1E5B5-C236-42C8-94A6-F65A5CA12866}.Debug|Any CPU.Build.0 = Debug|Any CPU
		{61F1E5B5-C236-42C8-94A6-F65A5CA12866}.Release|Any CPU.ActiveCfg = Release|Any CPU
		{61F1E5B5-C236-42C8-94A6-F65A5CA12866}.Release|Any CPU.Build.0 = Release|Any CPU
		{967F0A44-EC0C-4F26-ADB8-0FB28C565693}.Debug|Any CPU.ActiveCfg = Debug|Any CPU
		{967F0A44-EC0C-4F26-ADB8-0FB28C565693}.Debug|Any CPU.Build.0 = Debug|Any CPU
		{967F0A44-EC0C-4F26-ADB8-0FB28C565693}.Release|Any CPU.ActiveCfg = Release|Any CPU
		{967F0A44-EC0C-4F26-ADB8-0FB28C565693}.Release|Any CPU.Build.0 = Release|Any CPU
	EndGlobalSection
	GlobalSection(SolutionProperties) = preSolution
		HideSolutionNode = FALSE
	EndGlobalSection
	GlobalSection(ExtensibilityGlobals) = postSolution
		SolutionGuid = {10300D02-76E8-4315-98B0-6A885E6BF74F}
	EndGlobalSection
EndGlobal
