
Microsoft Visual Studio Solution File, Format Version 12.00
# Visual Studio Version 17
VisualStudioVersion = 17.0.31903.59
MinimumVisualStudioVersion = 10.0.40219.1
Project("{FAE04EC0-301F-11D3-BF4B-00C04F79EFBC}") = "BulkyBook", "BulkyBook\BulkyBook.csproj", "{39DA8AB1-0717-4742-B4A5-58B8CB749BD4}"
EndProject
Global
	GlobalSection(SolutionConfigurationPlatforms) = preSolution
		Debug|Any CPU = Debug|Any CPU
		Release|Any CPU = Release|Any CPU
	EndGlobalSection
	GlobalSection(ProjectConfigurationPlatforms) = postSolution
		{39DA8AB1-0717-4742-B4A5-58B8CB749BD4}.Debug|Any CPU.ActiveCfg = Debug|Any CPU
		{39DA8AB1-0717-4742-B4A5-58B8CB749BD4}.Debug|Any CPU.Build.0 = Debug|Any CPU
		{39DA8AB1-0717-4742-B4A5-58B8CB749BD4}.Release|Any CPU.ActiveCfg = Release|Any CPU
		{39DA8AB1-0717-4742-B4A5-58B8CB749BD4}.Release|Any CPU.Build.0 = Release|Any CPU
	EndGlobalSection
	GlobalSection(SolutionProperties) = preSolution
		HideSolutionNode = FALSE
	EndGlobalSection
	GlobalSection(ExtensibilityGlobals) = postSolution
		SolutionGuid = {10300D02-76E8-4315-98B0-6A885E6BF74F}
	EndGlobalSection
EndGlobal
